
Microsoft Visual Studio Solution File, Format Version 12.00
# Visual Studio Version 17
VisualStudioVersion = 17.12.35527.113 d17.12
MinimumVisualStudioVersion = 10.0.40219.1
Project("{FAE04EC0-301F-11D3-BF4B-00C04F79EFBC}") = "pratiklist1", "pratiklist1\pratiklist1.csproj", "{FD4D41B9-3F0D-4C4E-A888-E3F41DC1F4A5}"
EndProject
Global
	GlobalSection(SolutionConfigurationPlatforms) = preSolution
		Debug|Any CPU = Debug|Any CPU
		Release|Any CPU = Release|Any CPU
	EndGlobalSection
	GlobalSection(ProjectConfigurationPlatforms) = postSolution
		{FD4D41B9-3F0D-4C4E-A888-E3F41DC1F4A5}.Debug|Any CPU.ActiveCfg = Debug|Any CPU
		{FD4D41B9-3F0D-4C4E-A888-E3F41DC1F4A5}.Debug|Any CPU.Build.0 = Debug|Any CPU
		{FD4D41B9-3F0D-4C4E-A888-E3F41DC1F4A5}.Release|Any CPU.ActiveCfg = Release|Any CPU
		{FD4D41B9-3F0D-4C4E-A888-E3F41DC1F4A5}.Release|Any CPU.Build.0 = Release|Any CPU
	EndGlobalSection
	GlobalSection(SolutionProperties) = preSolution
		HideSolutionNode = FALSE
	EndGlobalSection
EndGlobal
